
Microsoft Visual Studio Solution File, Format Version 12.00
# Visual Studio Version 16
VisualStudioVersion = 16.0.30717.126
MinimumVisualStudioVersion = 10.0.40219.1
Project("{FAE04EC0-301F-11D3-BF4B-00C04F79EFBC}") = "Diffdel", "Diffdel\Diffdel.csproj", "{6AD9A584-2818-4783-A1D0-D03343CF36DE}"
EndProject
Global
	GlobalSection(SolutionConfigurationPlatforms) = preSolution
		Debug|Any CPU = Debug|Any CPU
		Release|Any CPU = Release|Any CPU
	EndGlobalSection
	GlobalSection(ProjectConfigurationPlatforms) = postSolution
		{6AD9A584-2818-4783-A1D0-D03343CF36DE}.Debug|Any CPU.ActiveCfg = Debug|Any CPU
		{6AD9A584-2818-4783-A1D0-D03343CF36DE}.Debug|Any CPU.Build.0 = Debug|Any CPU
		{6AD9A584-2818-4783-A1D0-D03343CF36DE}.Release|Any CPU.ActiveCfg = Release|Any CPU
		{6AD9A584-2818-4783-A1D0-D03343CF36DE}.Release|Any CPU.Build.0 = Release|Any CPU
	EndGlobalSection
	GlobalSection(SolutionProperties) = preSolution
		HideSolutionNode = FALSE
	EndGlobalSection
	GlobalSection(ExtensibilityGlobals) = postSolution
		SolutionGuid = {F5F6FE26-1337-41BE-BC6E-E471B89BEDAB}
	EndGlobalSection
EndGlobal
